
Microsoft Visual Studio Solution File, Format Version 12.00
# Visual Studio 15
VisualStudioVersion = 15.0.28307.438
MinimumVisualStudioVersion = 10.0.40219.1
Project("{8BC9CEB8-8B4A-11D0-8D11-00A0C91BC942}") = "BalanceBall", "BalanceBall\BalanceBall.vcxproj", "{8286E0FD-168E-4BAD-B680-710A49FD4320}"
EndProject
Project("{8BC9CEB8-8B4A-11D0-8D11-00A0C91BC942}") = "BalanceTest", "BalanceTest\BalanceTest.vcxproj", "{667C9AA7-2F91-4B9B-B2E6-8A925C793374}"
EndProject
Global
	GlobalSection(SolutionConfigurationPlatforms) = preSolution
		Debug|x64 = Debug|x64
		Debug|x86 = Debug|x86
		Release|x64 = Release|x64
		Release|x86 = Release|x86
	EndGlobalSection
	GlobalSection(ProjectConfigurationPlatforms) = postSolution
		{8286E0FD-168E-4BAD-B680-710A49FD4320}.Debug|x64.ActiveCfg = Debug|x64
		{8286E0FD-168E-4BAD-B680-710A49FD4320}.Debug|x64.Build.0 = Debug|x64
		{8286E0FD-168E-4BAD-B680-710A49FD4320}.Debug|x86.ActiveCfg = Debug|Win32
		{8286E0FD-168E-4BAD-B680-710A49FD4320}.Debug|x86.Build.0 = Debug|Win32
		{8286E0FD-168E-4BAD-B680-710A49FD4320}.Release|x64.ActiveCfg = Release|x64
		{8286E0FD-168E-4BAD-B680-710A49FD4320}.Release|x64.Build.0 = Release|x64
		{8286E0FD-168E-4BAD-B680-710A49FD4320}.Release|x86.ActiveCfg = Release|Win32
		{8286E0FD-168E-4BAD-B680-710A49FD4320}.Release|x86.Build.0 = Release|Win32
		{667C9AA7-2F91-4B9B-B2E6-8A925C793374}.Debug|x64.ActiveCfg = Debug|x64
		{667C9AA7-2F91-4B9B-B2E6-8A925C793374}.Debug|x64.Build.0 = Debug|x64
		{667C9AA7-2F91-4B9B-B2E6-8A925C793374}.Debug|x86.ActiveCfg = Debug|Win32
		{667C9AA7-2F91-4B9B-B2E6-8A925C793374}.Debug|x86.Build.0 = Debug|Win32
		{667C9AA7-2F91-4B9B-B2E6-8A925C793374}.Release|x64.ActiveCfg = Release|x64
		{667C9AA7-2F91-4B9B-B2E6-8A925C793374}.Release|x64.Build.0 = Release|x64
		{667C9AA7-2F91-4B9B-B2E6-8A925C793374}.Release|x86.ActiveCfg = Release|Win32
		{667C9AA7-2F91-4B9B-B2E6-8A925C793374}.Release|x86.Build.0 = Release|Win32
	EndGlobalSection
	GlobalSection(SolutionProperties) = preSolution
		HideSolutionNode = FALSE
	EndGlobalSection
	GlobalSection(ExtensibilityGlobals) = postSolution
		SolutionGuid = {007C44A5-9A3A-4B95-BBC5-4479FE55F3C3}
	EndGlobalSection
EndGlobal
